{
  "name": "myplugin",
  "version": "1.0.0",
  "lockfileVersion": 3,
  "requires": true,
  "packages": {
    "": {
      "name": "myplugin",
      "version": "1.0.0",
      "license": "ISC",
      "dependencies": {
        "@sitespeed.io/plugin": "^0.0.6"
      }
    },
    "node_modules/@sitespeed.io/plugin": {
      "version": "0.0.6",
      "resolved": "https://registry.npmjs.org/@sitespeed.io/plugin/-/plugin-0.0.6.tgz",
      "integrity": "sha512-LlH46uCTpW+M86JYdUzH5hD9yDj5dVMEi83MTBG/PfnxLAkWmOKqp9mh0zr1wfuyvAuOWxjwmqFKvivd1lRKLg==",
      "license": "MIT"
    }
  }
}
